
Microsoft Visual Studio Solution File, Format Version 12.00
# Visual Studio Version 17
VisualStudioVersion = 17.9.34723.18
MinimumVisualStudioVersion = 10.0.40219.1
Project("{FAE04EC0-301F-11D3-BF4B-00C04F79EFBC}") = "PinterestApplication", "PinterestApplication\PinterestApplication.csproj", "{0DC2ABFB-2F02-431F-974D-F0C0109BECEF}"
EndProject
Global
	GlobalSection(SolutionConfigurationPlatforms) = preSolution
		Debug|Any CPU = Debug|Any CPU
		Release|Any CPU = Release|Any CPU
	EndGlobalSection
	GlobalSection(ProjectConfigurationPlatforms) = postSolution
		{0DC2ABFB-2F02-431F-974D-F0C0109BECEF}.Debug|Any CPU.ActiveCfg = Debug|Any CPU
		{0DC2ABFB-2F02-431F-974D-F0C0109BECEF}.Debug|Any CPU.Build.0 = Debug|Any CPU
		{0DC2ABFB-2F02-431F-974D-F0C0109BECEF}.Release|Any CPU.ActiveCfg = Release|Any CPU
		{0DC2ABFB-2F02-431F-974D-F0C0109BECEF}.Release|Any CPU.Build.0 = Release|Any CPU
	EndGlobalSection
	GlobalSection(SolutionProperties) = preSolution
		HideSolutionNode = FALSE
	EndGlobalSection
	GlobalSection(ExtensibilityGlobals) = postSolution
		SolutionGuid = {A9D0BE76-D9F6-411C-B35A-515168689609}
	EndGlobalSection
EndGlobal
